// !$*UTF8*$!
{
	archiveVersion = 1;
	classes = {
	};
	objectVersion = 46;
	objects = {

/* Begin PBXBuildFile section */
		663FB1381B82AA7400A05F0A /* main.m in Sources */ = {isa = PBXBuildFile; fileRef = 663FB1371B82AA7400A05F0A /* main.m */; };
		663FB13B1B82AA7400A05F0A /* AppDelegate.m in Sources */ = {isa = PBXBuildFile; fileRef = 663FB13A1B82AA7400A05F0A /* AppDelegate.m */; };
		663FB13E1B82AA7400A05F0A /* ViewController.m in Sources */ = {isa = PBXBuildFile; fileRef = 663FB13D1B82AA7400A05F0A /* ViewController.m */; };
		663FB1411B82AA7400A05F0A /* Main.storyboard in Resources */ = {isa = PBXBuildFile; fileRef = 663FB13F1B82AA7400A05F0A /* Main.storyboard */; };
		663FB1431B82AA7400A05F0A /* Images.xcassets in Resources */ = {isa = PBXBuildFile; fileRef = 663FB1421B82AA7400A05F0A /* Images.xcassets */; };
		663FB1461B82AA7400A05F0A /* LaunchScreen.xib in Resources */ = {isa = PBXBuildFile; fileRef = 663FB1441B82AA7400A05F0A /* LaunchScreen.xib */; };
		663FB1521B82AA7400A05F0A /* hello_iosTests.m in Sources */ = {isa = PBXBuildFile; fileRef = 663FB1511B82AA7400A05F0A /* hello_iosTests.m */; };
/* End PBXBuildFile section */

/* Begin PBXContainerItemProxy section */
		663FB14C1B82AA7400A05F0A /* PBXContainerItemProxy */ = {
			isa = PBXContainerItemProxy;
			containerPortal = 663FB12A1B82AA7400A05F0A /* Project object */;
			proxyType = 1;
			remoteGlobalIDString = 663FB1311B82AA7400A05F0A;
			remoteInfo = hello_ios;
		};
/* End PBXContainerItemProxy section */

/* Begin PBXFileReference section */
		663FB1321B82AA7400A05F0A /* hello_ios.app */ = {isa = PBXFileReference; explicitFileType = wrapper.application; includeInIndex = 0; path = hello_ios.app; sourceTree = BUILT_PRODUCTS_DIR; };
		663FB1361B82AA7400A05F0A /* Info.plist */ = {isa = PBXFileReference; lastKnownFileType = text.plist.xml; path = Info.plist; sourceTree = "<group>"; };
		663FB1371B82AA7400A05F0A /* main.m */ = {isa = PBXFileReference; lastKnownFileType = sourcecode.c.objc; path = main.m; sourceTree = "<group>"; };
		663FB1391B82AA7400A05F0A /* AppDelegate.h */ = {isa = PBXFileReference; lastKnownFileType = sourcecode.c.h; path = AppDelegate.h; sourceTree = "<group>"; };
		663FB13A1B82AA7400A05F0A /* AppDelegate.m */ = {isa = PBXFileReference; lastKnownFileType = sourcecode.c.objc; path = AppDelegate.m; sourceTree = "<group>"; };
		663FB13C1B82AA7400A05F0A /* ViewController.h */ = {isa = PBXFileReference; lastKnownFileType = sourcecode.c.h; path = ViewController.h; sourceTree = "<group>"; };
		663FB13D1B82AA7400A05F0A /* ViewController.m */ = {isa = PBXFileReference; lastKnownFileType = sourcecode.c.objc; path = ViewController.m; sourceTree = "<group>"; };
		663FB1401B82AA7400A05F0A /* Base */ = {isa = PBXFileReference; lastKnownFileType = file.storyboard; name = Base; path = Base.lproj/Main.storyboard; sourceTree = "<group>"; };
		663FB1421B82AA7400A05F0A /* Images.xcassets */ = {isa = PBXFileReference; lastKnownFileType = folder.assetcatalog; path = Images.xcassets; sourceTree = "<group>"; };
		663FB1451B82AA7400A05F0A /* Base */ = {isa = PBXFileReference; lastKnownFileType = file.xib; name = Base; path = Base.lproj/LaunchScreen.xib; sourceTree = "<group>"; };
		663FB14B1B82AA7400A05F0A /* hello_iosTests.xctest */ = {isa = PBXFileReference; explicitFileType = wrapper.cfbundle; includeInIndex = 0; path = hello_iosTests.xctest; sourceTree = BUILT_PRODUCTS_DIR; };
		663FB1501B82AA7400A05F0A /* Info.plist */ = {isa = PBXFileReference; lastKnownFileType = text.plist.xml; path = Info.plist; sourceTree = "<group>"; };
		663FB1511B82AA7400A05F0A /* hello_iosTests.m */ = {isa = PBXFileReference; lastKnownFileType = sourcecode.c.objc; path = hello_iosTests.m; sourceTree = "<group>"; };
/* End PBXFileReference section */

/* Begin PBXFrameworksBuildPhase section */
		663FB12F1B82AA7400A05F0A /* Frameworks */ = {
			isa = PBXFrameworksBuildPhase;
			buildActionMask = 2147483647;
			files = (
			);
			runOnlyForDeploymentPostprocessing = 0;
		};
		663FB1481B82AA7400A05F0A /* Frameworks */ = {
			isa = PBXFrameworksBuildPhase;
			buildActionMask = 2147483647;
			files = (
			);
			runOnlyForDeploymentPostprocessing = 0;
		};
/* End PBXFrameworksBuildPhase section */

/* Begin PBXGroup section */
		663FB1291B82AA7400A05F0A = {
			isa = PBXGroup;
			children = (
				663FB1341B82AA7400A05F0A /* hello_ios */,
				663FB14E1B82AA7400A05F0A /* hello_iosTests */,
				663FB1331B82AA7400A05F0A /* Products */,
			);
			sourceTree = "<group>";
		};
		663FB1331B82AA7400A05F0A /* Products */ = {
			isa = PBXGroup;
			children = (
				663FB1321B82AA7400A05F0A /* hello_ios.app */,
				663FB14B1B82AA7400A05F0A /* hello_iosTests.xctest */,
			);
			name = Products;
			sourceTree = "<group>";
		};
		663FB1341B82AA7400A05F0A /* hello_ios */ = {
			isa = PBXGroup;
			children = (
				663FB1391B82AA7400A05F0A /* AppDelegate.h */,
				663FB13A1B82AA7400A05F0A /* AppDelegate.m */,
				663FB13C1B82AA7400A05F0A /* ViewController.h */,
				663FB13D1B82AA7400A05F0A /* ViewController.m */,
				663FB13F1B82AA7400A05F0A /* Main.storyboard */,
				663FB1421B82AA7400A05F0A /* Images.xcassets */,
				663FB1441B82AA7400A05F0A /* LaunchScreen.xib */,
				663FB1351B82AA7400A05F0A /* Supporting Files */,
			);
			path = hello_ios;
			sourceTree = "<group>";
		};
		663FB1351B82AA7400A05F0A /* Supporting Files */ = {
			isa = PBXGroup;
			children = (
				663FB1361B82AA7400A05F0A /* Info.plist */,
				663FB1371B82AA7400A05F0A /* main.m */,
			);
			name = "Supporting Files";
			sourceTree = "<group>";
		};
		663FB14E1B82AA7400A05F0A /* hello_iosTests */ = {
			isa = PBXGroup;
			children = (
				663FB1511B82AA7400A05F0A /* hello_iosTests.m */,
				663FB14F1B82AA7400A05F0A /* Supporting Files */,
			);
			path = hello_iosTests;
			sourceTree = "<group>";
		};
		663FB14F1B82AA7400A05F0A /* Supporting Files */ = {
			isa = PBXGroup;
			children = (
				663FB1501B82AA7400A05F0A /* Info.plist */,
			);
			name = "Supporting Files";
			sourceTree = "<group>";
		};
/* End PBXGroup section */

/* Begin PBXNativeTarget section */
		663FB1311B82AA7400A05F0A /* hello_ios */ = {
			isa = PBXNativeTarget;
			buildConfigurationList = 663FB1551B82AA7400A05F0A /* Build configuration list for PBXNativeTarget "hello_ios" */;
			buildPhases = (
				663FB12E1B82AA7400A05F0A /* Sources */,
				663FB12F1B82AA7400A05F0A /* Frameworks */,
				663FB1301B82AA7400A05F0A /* Resources */,
			);
			buildRules = (
			);
			dependencies = (
			);
			name = hello_ios;
			productName = hello_ios;
			productReference = 663FB1321B82AA7400A05F0A /* hello_ios.app */;
			productType = "com.apple.product-type.application";
		};
		663FB14A1B82AA7400A05F0A /* hello_iosTests */ = {
			isa = PBXNativeTarget;
			buildConfigurationList = 663FB1581B82AA7400A05F0A /* Build configuration list for PBXNativeTarget "hello_iosTests" */;
			buildPhases = (
				663FB1471B82AA7400A05F0A /* Sources */,
				663FB1481B82AA7400A05F0A /* Frameworks */,
				663FB1491B82AA7400A05F0A /* Resources */,
			);
			buildRules = (
			);
			dependencies = (
				663FB14D1B82AA7400A05F0A /* PBXTargetDependency */,
			);
			name = hello_iosTests;
			productName = hello_iosTests;
			productReference = 663FB14B1B82AA7400A05F0A /* hello_iosTests.xctest */;
			productType = "com.apple.product-type.bundle.unit-test";
		};
/* End PBXNativeTarget section */

/* Begin PBXProject section */
		663FB12A1B82AA7400A05F0A /* Project object */ = {
			isa = PBXProject;
			attributes = {
				LastUpgradeCheck = 0610;
				ORGANIZATIONNAME = jso;
				TargetAttributes = {
					663FB1311B82AA7400A05F0A = {
						CreatedOnToolsVersion = 6.1.1;
					};
					663FB14A1B82AA7400A05F0A = {
						CreatedOnToolsVersion = 6.1.1;
						TestTargetID = 663FB1311B82AA7400A05F0A;
					};
				};
			};
			buildConfigurationList = 663FB12D1B82AA7400A05F0A /* Build configuration list for PBXProject "hello_ios" */;
			compatibilityVersion = "Xcode 3.2";
			developmentRegion = English;
			hasScannedForEncodings = 0;
			knownRegions = (
				en,
				Base,
			);
			mainGroup = 663FB1291B82AA7400A05F0A;
			productRefGroup = 663FB1331B82AA7400A05F0A /* Products */;
			projectDirPath = "";
			projectRoot = "";
			targets = (
				663FB1311B82AA7400A05F0A /* hello_ios */,
				663FB14A1B82AA7400A05F0A /* hello_iosTests */,
			);
		};
/* End PBXProject section */

/* Begin PBXResourcesBuildPhase section */
		663FB1301B82AA7400A05F0A /* Resources */ = {
			isa = PBXResourcesBuildPhase;
			buildActionMask = 2147483647;
			files = (
				663FB1411B82AA7400A05F0A /* Main.storyboard in Resources */,
				663FB1461B82AA7400A05F0A /* LaunchScreen.xib in Resources */,
				663FB1431B82AA7400A05F0A /* Images.xcassets in Resources */,
			);
			runOnlyForDeploymentPostprocessing = 0;
		};
		663FB1491B82AA7400A05F0A /* Resources */ = {
			isa = PBXResourcesBuildPhase;
			buildActionMask = 2147483647;
			files = (
			);
			runOnlyForDeploymentPostprocessing = 0;
		};
/* End PBXResourcesBuildPhase section */

/* Begin PBXSourcesBuildPhase section */
		663FB12E1B82AA7400A05F0A /* Sources */ = {
			isa = PBXSourcesBuildPhase;
			buildActionMask = 2147483647;
			files = (
				663FB13E1B82AA7400A05F0A /* ViewController.m in Sources */,
				663FB13B1B82AA7400A05F0A /* AppDelegate.m in Sources */,
				663FB1381B82AA7400A05F0A /* main.m in Sources */,
			);
			runOnlyForDeploymentPostprocessing = 0;
		};
		663FB1471B82AA7400A05F0A /* Sources */ = {
			isa = PBXSourcesBuildPhase;
			buildActionMask = 2147483647;
			files = (
				663FB1521B82AA7400A05F0A /* hello_iosTests.m in Sources */,
			);
			runOnlyForDeploymentPostprocessing = 0;
		};
/* End PBXSourcesBuildPhase section */

/* Begin PBXTargetDependency section */
		663FB14D1B82AA7400A05F0A /* PBXTargetDependency */ = {
			isa = PBXTargetDependency;
			target = 663FB1311B82AA7400A05F0A /* hello_ios */;
			targetProxy = 663FB14C1B82AA7400A05F0A /* PBXContainerItemProxy */;
		};
/* End PBXTargetDependency section */

/* Begin PBXVariantGroup section */
		663FB13F1B82AA7400A05F0A /* Main.storyboard */ = {
			isa = PBXVariantGroup;
			children = (
				663FB1401B82AA7400A05F0A /* Base */,
			);
			name = Main.storyboard;
			sourceTree = "<group>";
		};
		663FB1441B82AA7400A05F0A /* LaunchScreen.xib */ = {
			isa = PBXVariantGroup;
			children = (
				663FB1451B82AA7400A05F0A /* Base */,
			);
			name = LaunchScreen.xib;
			sourceTree = "<group>";
		};
/* End PBXVariantGroup section */

/* Begin XCBuildConfiguration section */
		663FB1531B82AA7400A05F0A /* Debug */ = {
			isa = XCBuildConfiguration;
			buildSettings = {
				ALWAYS_SEARCH_USER_PATHS = NO;
				CLANG_CXX_LANGUAGE_STANDARD = "gnu++0x";
				CLANG_CXX_LIBRARY = "libc++";
				CLANG_ENABLE_MODULES = YES;
				CLANG_ENABLE_OBJC_ARC = YES;
				CLANG_WARN_BOOL_CONVERSION = YES;
				CLANG_WARN_CONSTANT_CONVERSION = YES;
				CLANG_WARN_DIRECT_OBJC_ISA_USAGE = YES_ERROR;
				CLANG_WARN_EMPTY_BODY = YES;
				CLANG_WARN_ENUM_CONVERSION = YES;
				CLANG_WARN_INT_CONVERSION = YES;
				CLANG_WARN_OBJC_ROOT_CLASS = YES_ERROR;
				CLANG_WARN_UNREACHABLE_CODE = YES;
				CLANG_WARN__DUPLICATE_METHOD_MATCH = YES;
				"CODE_SIGN_IDENTITY[sdk=iphoneos*]" = "iPhone Developer";
				COPY_PHASE_STRIP = NO;
				ENABLE_STRICT_OBJC_MSGSEND = YES;
				GCC_C_LANGUAGE_STANDARD = gnu99;
				GCC_DYNAMIC_NO_PIC = NO;
				GCC_OPTIMIZATION_LEVEL = 0;
				GCC_PREPROCESSOR_DEFINITIONS = (
					"DEBUG=1",
					"$(inherited)",
				);
				GCC_SYMBOLS_PRIVATE_EXTERN = NO;
				GCC_WARN_64_TO_32_BIT_CONVERSION = YES;
				GCC_WARN_ABOUT_RETURN_TYPE = YES_ERROR;
				GCC_WARN_UNDECLARED_SELECTOR = YES;
				GCC_WARN_UNINITIALIZED_AUTOS = YES_AGGRESSIVE;
				GCC_WARN_UNUSED_FUNCTION = YES;
				GCC_WARN_UNUSED_VARIABLE = YES;
				IPHONEOS_DEPLOYMENT_TARGET = 8.1;
				MTL_ENABLE_DEBUG_INFO = YES;
				ONLY_ACTIVE_ARCH = YES;
				SDKROOT = iphoneos;
			};
			name = Debug;
		};
		663FB1541B82AA7400A05F0A /* Release */ = {
			isa = XCBuildConfiguration;
			buildSettings = {
				ALWAYS_SEARCH_USER_PATHS = NO;
				CLANG_CXX_LANGUAGE_STANDARD = "gnu++0x";
				CLANG_CXX_LIBRARY = "libc++";
				CLANG_ENABLE_MODULES = YES;
				CLANG_ENABLE_OBJC_ARC = YES;
				CLANG_WARN_BOOL_CONVERSION = YES;
				CLANG_WARN_CONSTANT_CONVERSION = YES;
				CLANG_WARN_DIRECT_OBJC_ISA_USAGE = YES_ERROR;
				CLANG_WARN_EMPTY_BODY = YES;
				CLANG_WARN_ENUM_CONVERSION = YES;
				CLANG_WARN_INT_CONVERSION = YES;
				CLANG_WARN_OBJC_ROOT_CLASS = YES_ERROR;
				CLANG_WARN_UNREACHABLE_CODE = YES;
				CLANG_WARN__DUPLICATE_METHOD_MATCH = YES;
				"CODE_SIGN_IDENTITY[sdk=iphoneos*]" = "iPhone Developer";
				COPY_PHASE_STRIP = YES;
				ENABLE_NS_ASSERTIONS = NO;
				ENABLE_STRICT_OBJC_MSGSEND = YES;
				GCC_C_LANGUAGE_STANDARD = gnu99;
				GCC_WARN_64_TO_32_BIT_CONVERSION = YES;
				GCC_WARN_ABOUT_RETURN_TYPE = YES_ERROR;
				GCC_WARN_UNDECLARED_SELECTOR = YES;
				GCC_WARN_UNINITIALIZED_AUTOS = YES_AGGRESSIVE;
				GCC_WARN_UNUSED_FUNCTION = YES;
				GCC_WARN_UNUSED_VARIABLE = YES;
				IPHONEOS_DEPLOYMENT_TARGET = 8.1;
				MTL_ENABLE_DEBUG_INFO = NO;
				SDKROOT = iphoneos;
				VALIDATE_PRODUCT = YES;
			};
			name = Release;
		};
		663FB1561B82AA7400A05F0A /* Debug */ = {
			isa = XCBuildConfiguration;
			buildSettings = {
				ASSETCATALOG_COMPILER_APPICON_NAME = AppIcon;
				INFOPLIST_FILE = hello_ios/Info.plist;
				LD_RUNPATH_SEARCH_PATHS = "$(inherited) @executable_path/Frameworks";
				PRODUCT_NAME = "$(TARGET_NAME)";
			};
			name = Debug;
		};
		663FB1571B82AA7400A05F0A /* Release */ = {
			isa = XCBuildConfiguration;
			buildSettings = {
				ASSETCATALOG_COMPILER_APPICON_NAME = AppIcon;
				INFOPLIST_FILE = hello_ios/Info.plist;
				LD_RUNPATH_SEARCH_PATHS = "$(inherited) @executable_path/Frameworks";
				PRODUCT_NAME = "$(TARGET_NAME)";
			};
			name = Release;
		};
		663FB1591B82AA7400A05F0A /* Debug */ = {
			isa = XCBuildConfiguration;
			buildSettings = {
				BUNDLE_LOADER = "$(TEST_HOST)";
				FRAMEWORK_SEARCH_PATHS = (
					"$(SDKROOT)/Developer/Library/Frameworks",
					"$(inherited)",
				);
				GCC_PREPROCESSOR_DEFINITIONS = (
					"DEBUG=1",
					"$(inherited)",
				);
				INFOPLIST_FILE = hello_iosTests/Info.plist;
				LD_RUNPATH_SEARCH_PATHS = "$(inherited) @executable_path/Frameworks @loader_path/Frameworks";
				PRODUCT_NAME = "$(TARGET_NAME)";
				TEST_HOST = "$(BUILT_PRODUCTS_DIR)/hello_ios.app/hello_ios";
			};
			name = Debug;
		};
		663FB15A1B82AA7400A05F0A /* Release */ = {
			isa = XCBuildConfiguration;
			buildSettings = {
				BUNDLE_LOADER = "$(TEST_HOST)";
				FRAMEWORK_SEARCH_PATHS = (
					"$(SDKROOT)/Developer/Library/Frameworks",
					"$(inherited)",
				);
				INFOPLIST_FILE = hello_iosTests/Info.plist;
				LD_RUNPATH_SEARCH_PATHS = "$(inherited) @executable_path/Frameworks @loader_path/Frameworks";
				PRODUCT_NAME = "$(TARGET_NAME)";
				TEST_HOST = "$(BUILT_PRODUCTS_DIR)/hello_ios.app/hello_ios";
			};
			name = Release;
		};
/* End XCBuildConfiguration section */

/* Begin XCConfigurationList section */
		663FB12D1B82AA7400A05F0A /* Build configuration list for PBXProject "hello_ios" */ = {
			isa = XCConfigurationList;
			buildConfigurations = (
				663FB1531B82AA7400A05F0A /* Debug */,
				663FB1541B82AA7400A05F0A /* Release */,
			);
			defaultConfigurationIsVisible = 0;
			defaultConfigurationName = Release;
		};
		663FB1551B82AA7400A05F0A /* Build configuration list for PBXNativeTarget "hello_ios" */ = {
			isa = XCConfigurationList;
			buildConfigurations = (
				663FB1561B82AA7400A05F0A /* Debug */,
				663FB1571B82AA7400A05F0A /* Release */,
			);
			defaultConfigurationIsVisible = 0;
		};
		663FB1581B82AA7400A05F0A /* Build configuration list for PBXNativeTarget "hello_iosTests" */ = {
			isa = XCConfigurationList;
			buildConfigurations = (
				663FB1591B82AA7400A05F0A /* Debug */,
				663FB15A1B82AA7400A05F0A /* Release */,
			);
			defaultConfigurationIsVisible = 0;
		};
/* End XCConfigurationList section */
	};
	rootObject = 663FB12A1B82AA7400A05F0A /* Project object */;
}
