// !$*UTF8*$!
{
	archiveVersion = 1;
	classes = {
	};
	objectVersion = 46;
	objects = {

/* Begin PBXBuildFile section */
		6618514D1B8AE83000C24A20 /* main.m in Sources */ = {isa = PBXBuildFile; fileRef = 6618514C1B8AE83000C24A20 /* main.m */; };
		661851501B8AE83000C24A20 /* AppDelegate.m in Sources */ = {isa = PBXBuildFile; fileRef = 6618514F1B8AE83000C24A20 /* AppDelegate.m */; };
		661851531B8AE83000C24A20 /* ViewController.m in Sources */ = {isa = PBXBuildFile; fileRef = 661851521B8AE83000C24A20 /* ViewController.m */; };
		661851561B8AE83000C24A20 /* Main.storyboard in Resources */ = {isa = PBXBuildFile; fileRef = 661851541B8AE83000C24A20 /* Main.storyboard */; };
		661851581B8AE83000C24A20 /* Images.xcassets in Resources */ = {isa = PBXBuildFile; fileRef = 661851571B8AE83000C24A20 /* Images.xcassets */; };
		6618515B1B8AE83000C24A20 /* LaunchScreen.xib in Resources */ = {isa = PBXBuildFile; fileRef = 661851591B8AE83000C24A20 /* LaunchScreen.xib */; };
		661851671B8AE83100C24A20 /* SimpleTableViewTests.m in Sources */ = {isa = PBXBuildFile; fileRef = 661851661B8AE83100C24A20 /* SimpleTableViewTests.m */; };
/* End PBXBuildFile section */

/* Begin PBXContainerItemProxy section */
		661851611B8AE83100C24A20 /* PBXContainerItemProxy */ = {
			isa = PBXContainerItemProxy;
			containerPortal = 6618513F1B8AE83000C24A20 /* Project object */;
			proxyType = 1;
			remoteGlobalIDString = 661851461B8AE83000C24A20;
			remoteInfo = SimpleTableView;
		};
/* End PBXContainerItemProxy section */

/* Begin PBXFileReference section */
		661851471B8AE83000C24A20 /* SimpleTableView.app */ = {isa = PBXFileReference; explicitFileType = wrapper.application; includeInIndex = 0; path = SimpleTableView.app; sourceTree = BUILT_PRODUCTS_DIR; };
		6618514B1B8AE83000C24A20 /* Info.plist */ = {isa = PBXFileReference; lastKnownFileType = text.plist.xml; path = Info.plist; sourceTree = "<group>"; };
		6618514C1B8AE83000C24A20 /* main.m */ = {isa = PBXFileReference; lastKnownFileType = sourcecode.c.objc; path = main.m; sourceTree = "<group>"; };
		6618514E1B8AE83000C24A20 /* AppDelegate.h */ = {isa = PBXFileReference; lastKnownFileType = sourcecode.c.h; path = AppDelegate.h; sourceTree = "<group>"; };
		6618514F1B8AE83000C24A20 /* AppDelegate.m */ = {isa = PBXFileReference; lastKnownFileType = sourcecode.c.objc; path = AppDelegate.m; sourceTree = "<group>"; };
		661851511B8AE83000C24A20 /* ViewController.h */ = {isa = PBXFileReference; lastKnownFileType = sourcecode.c.h; path = ViewController.h; sourceTree = "<group>"; };
		661851521B8AE83000C24A20 /* ViewController.m */ = {isa = PBXFileReference; lastKnownFileType = sourcecode.c.objc; path = ViewController.m; sourceTree = "<group>"; };
		661851551B8AE83000C24A20 /* Base */ = {isa = PBXFileReference; lastKnownFileType = file.storyboard; name = Base; path = Base.lproj/Main.storyboard; sourceTree = "<group>"; };
		661851571B8AE83000C24A20 /* Images.xcassets */ = {isa = PBXFileReference; lastKnownFileType = folder.assetcatalog; path = Images.xcassets; sourceTree = "<group>"; };
		6618515A1B8AE83000C24A20 /* Base */ = {isa = PBXFileReference; lastKnownFileType = file.xib; name = Base; path = Base.lproj/LaunchScreen.xib; sourceTree = "<group>"; };
		661851601B8AE83100C24A20 /* SimpleTableViewTests.xctest */ = {isa = PBXFileReference; explicitFileType = wrapper.cfbundle; includeInIndex = 0; path = SimpleTableViewTests.xctest; sourceTree = BUILT_PRODUCTS_DIR; };
		661851651B8AE83100C24A20 /* Info.plist */ = {isa = PBXFileReference; lastKnownFileType = text.plist.xml; path = Info.plist; sourceTree = "<group>"; };
		661851661B8AE83100C24A20 /* SimpleTableViewTests.m */ = {isa = PBXFileReference; lastKnownFileType = sourcecode.c.objc; path = SimpleTableViewTests.m; sourceTree = "<group>"; };
/* End PBXFileReference section */

/* Begin PBXFrameworksBuildPhase section */
		661851441B8AE83000C24A20 /* Frameworks */ = {
			isa = PBXFrameworksBuildPhase;
			buildActionMask = 2147483647;
			files = (
			);
			runOnlyForDeploymentPostprocessing = 0;
		};
		6618515D1B8AE83100C24A20 /* Frameworks */ = {
			isa = PBXFrameworksBuildPhase;
			buildActionMask = 2147483647;
			files = (
			);
			runOnlyForDeploymentPostprocessing = 0;
		};
/* End PBXFrameworksBuildPhase section */

/* Begin PBXGroup section */
		6618513E1B8AE83000C24A20 = {
			isa = PBXGroup;
			children = (
				661851491B8AE83000C24A20 /* SimpleTableView */,
				661851631B8AE83100C24A20 /* SimpleTableViewTests */,
				661851481B8AE83000C24A20 /* Products */,
			);
			sourceTree = "<group>";
		};
		661851481B8AE83000C24A20 /* Products */ = {
			isa = PBXGroup;
			children = (
				661851471B8AE83000C24A20 /* SimpleTableView.app */,
				661851601B8AE83100C24A20 /* SimpleTableViewTests.xctest */,
			);
			name = Products;
			sourceTree = "<group>";
		};
		661851491B8AE83000C24A20 /* SimpleTableView */ = {
			isa = PBXGroup;
			children = (
				6618514E1B8AE83000C24A20 /* AppDelegate.h */,
				6618514F1B8AE83000C24A20 /* AppDelegate.m */,
				661851511B8AE83000C24A20 /* ViewController.h */,
				661851521B8AE83000C24A20 /* ViewController.m */,
				661851541B8AE83000C24A20 /* Main.storyboard */,
				661851571B8AE83000C24A20 /* Images.xcassets */,
				661851591B8AE83000C24A20 /* LaunchScreen.xib */,
				6618514A1B8AE83000C24A20 /* Supporting Files */,
			);
			path = SimpleTableView;
			sourceTree = "<group>";
		};
		6618514A1B8AE83000C24A20 /* Supporting Files */ = {
			isa = PBXGroup;
			children = (
				6618514B1B8AE83000C24A20 /* Info.plist */,
				6618514C1B8AE83000C24A20 /* main.m */,
			);
			name = "Supporting Files";
			sourceTree = "<group>";
		};
		661851631B8AE83100C24A20 /* SimpleTableViewTests */ = {
			isa = PBXGroup;
			children = (
				661851661B8AE83100C24A20 /* SimpleTableViewTests.m */,
				661851641B8AE83100C24A20 /* Supporting Files */,
			);
			path = SimpleTableViewTests;
			sourceTree = "<group>";
		};
		661851641B8AE83100C24A20 /* Supporting Files */ = {
			isa = PBXGroup;
			children = (
				661851651B8AE83100C24A20 /* Info.plist */,
			);
			name = "Supporting Files";
			sourceTree = "<group>";
		};
/* End PBXGroup section */

/* Begin PBXNativeTarget section */
		661851461B8AE83000C24A20 /* SimpleTableView */ = {
			isa = PBXNativeTarget;
			buildConfigurationList = 6618516A1B8AE83100C24A20 /* Build configuration list for PBXNativeTarget "SimpleTableView" */;
			buildPhases = (
				661851431B8AE83000C24A20 /* Sources */,
				661851441B8AE83000C24A20 /* Frameworks */,
				661851451B8AE83000C24A20 /* Resources */,
			);
			buildRules = (
			);
			dependencies = (
			);
			name = SimpleTableView;
			productName = SimpleTableView;
			productReference = 661851471B8AE83000C24A20 /* SimpleTableView.app */;
			productType = "com.apple.product-type.application";
		};
		6618515F1B8AE83100C24A20 /* SimpleTableViewTests */ = {
			isa = PBXNativeTarget;
			buildConfigurationList = 6618516D1B8AE83100C24A20 /* Build configuration list for PBXNativeTarget "SimpleTableViewTests" */;
			buildPhases = (
				6618515C1B8AE83100C24A20 /* Sources */,
				6618515D1B8AE83100C24A20 /* Frameworks */,
				6618515E1B8AE83100C24A20 /* Resources */,
			);
			buildRules = (
			);
			dependencies = (
				661851621B8AE83100C24A20 /* PBXTargetDependency */,
			);
			name = SimpleTableViewTests;
			productName = SimpleTableViewTests;
			productReference = 661851601B8AE83100C24A20 /* SimpleTableViewTests.xctest */;
			productType = "com.apple.product-type.bundle.unit-test";
		};
/* End PBXNativeTarget section */

/* Begin PBXProject section */
		6618513F1B8AE83000C24A20 /* Project object */ = {
			isa = PBXProject;
			attributes = {
				LastUpgradeCheck = 0610;
				ORGANIZATIONNAME = jso;
				TargetAttributes = {
					661851461B8AE83000C24A20 = {
						CreatedOnToolsVersion = 6.1.1;
					};
					6618515F1B8AE83100C24A20 = {
						CreatedOnToolsVersion = 6.1.1;
						TestTargetID = 661851461B8AE83000C24A20;
					};
				};
			};
			buildConfigurationList = 661851421B8AE83000C24A20 /* Build configuration list for PBXProject "SimpleTableView" */;
			compatibilityVersion = "Xcode 3.2";
			developmentRegion = English;
			hasScannedForEncodings = 0;
			knownRegions = (
				en,
				Base,
			);
			mainGroup = 6618513E1B8AE83000C24A20;
			productRefGroup = 661851481B8AE83000C24A20 /* Products */;
			projectDirPath = "";
			projectRoot = "";
			targets = (
				661851461B8AE83000C24A20 /* SimpleTableView */,
				6618515F1B8AE83100C24A20 /* SimpleTableViewTests */,
			);
		};
/* End PBXProject section */

/* Begin PBXResourcesBuildPhase section */
		661851451B8AE83000C24A20 /* Resources */ = {
			isa = PBXResourcesBuildPhase;
			buildActionMask = 2147483647;
			files = (
				661851561B8AE83000C24A20 /* Main.storyboard in Resources */,
				6618515B1B8AE83000C24A20 /* LaunchScreen.xib in Resources */,
				661851581B8AE83000C24A20 /* Images.xcassets in Resources */,
			);
			runOnlyForDeploymentPostprocessing = 0;
		};
		6618515E1B8AE83100C24A20 /* Resources */ = {
			isa = PBXResourcesBuildPhase;
			buildActionMask = 2147483647;
			files = (
			);
			runOnlyForDeploymentPostprocessing = 0;
		};
/* End PBXResourcesBuildPhase section */

/* Begin PBXSourcesBuildPhase section */
		661851431B8AE83000C24A20 /* Sources */ = {
			isa = PBXSourcesBuildPhase;
			buildActionMask = 2147483647;
			files = (
				661851531B8AE83000C24A20 /* ViewController.m in Sources */,
				661851501B8AE83000C24A20 /* AppDelegate.m in Sources */,
				6618514D1B8AE83000C24A20 /* main.m in Sources */,
			);
			runOnlyForDeploymentPostprocessing = 0;
		};
		6618515C1B8AE83100C24A20 /* Sources */ = {
			isa = PBXSourcesBuildPhase;
			buildActionMask = 2147483647;
			files = (
				661851671B8AE83100C24A20 /* SimpleTableViewTests.m in Sources */,
			);
			runOnlyForDeploymentPostprocessing = 0;
		};
/* End PBXSourcesBuildPhase section */

/* Begin PBXTargetDependency section */
		661851621B8AE83100C24A20 /* PBXTargetDependency */ = {
			isa = PBXTargetDependency;
			target = 661851461B8AE83000C24A20 /* SimpleTableView */;
			targetProxy = 661851611B8AE83100C24A20 /* PBXContainerItemProxy */;
		};
/* End PBXTargetDependency section */

/* Begin PBXVariantGroup section */
		661851541B8AE83000C24A20 /* Main.storyboard */ = {
			isa = PBXVariantGroup;
			children = (
				661851551B8AE83000C24A20 /* Base */,
			);
			name = Main.storyboard;
			sourceTree = "<group>";
		};
		661851591B8AE83000C24A20 /* LaunchScreen.xib */ = {
			isa = PBXVariantGroup;
			children = (
				6618515A1B8AE83000C24A20 /* Base */,
			);
			name = LaunchScreen.xib;
			sourceTree = "<group>";
		};
/* End PBXVariantGroup section */

/* Begin XCBuildConfiguration section */
		661851681B8AE83100C24A20 /* Debug */ = {
			isa = XCBuildConfiguration;
			buildSettings = {
				ALWAYS_SEARCH_USER_PATHS = NO;
				CLANG_CXX_LANGUAGE_STANDARD = "gnu++0x";
				CLANG_CXX_LIBRARY = "libc++";
				CLANG_ENABLE_MODULES = YES;
				CLANG_ENABLE_OBJC_ARC = YES;
				CLANG_WARN_BOOL_CONVERSION = YES;
				CLANG_WARN_CONSTANT_CONVERSION = YES;
				CLANG_WARN_DIRECT_OBJC_ISA_USAGE = YES_ERROR;
				CLANG_WARN_EMPTY_BODY = YES;
				CLANG_WARN_ENUM_CONVERSION = YES;
				CLANG_WARN_INT_CONVERSION = YES;
				CLANG_WARN_OBJC_ROOT_CLASS = YES_ERROR;
				CLANG_WARN_UNREACHABLE_CODE = YES;
				CLANG_WARN__DUPLICATE_METHOD_MATCH = YES;
				"CODE_SIGN_IDENTITY[sdk=iphoneos*]" = "iPhone Developer";
				COPY_PHASE_STRIP = NO;
				ENABLE_STRICT_OBJC_MSGSEND = YES;
				GCC_C_LANGUAGE_STANDARD = gnu99;
				GCC_DYNAMIC_NO_PIC = NO;
				GCC_OPTIMIZATION_LEVEL = 0;
				GCC_PREPROCESSOR_DEFINITIONS = (
					"DEBUG=1",
					"$(inherited)",
				);
				GCC_SYMBOLS_PRIVATE_EXTERN = NO;
				GCC_WARN_64_TO_32_BIT_CONVERSION = YES;
				GCC_WARN_ABOUT_RETURN_TYPE = YES_ERROR;
				GCC_WARN_UNDECLARED_SELECTOR = YES;
				GCC_WARN_UNINITIALIZED_AUTOS = YES_AGGRESSIVE;
				GCC_WARN_UNUSED_FUNCTION = YES;
				GCC_WARN_UNUSED_VARIABLE = YES;
				IPHONEOS_DEPLOYMENT_TARGET = 8.1;
				MTL_ENABLE_DEBUG_INFO = YES;
				ONLY_ACTIVE_ARCH = YES;
				SDKROOT = iphoneos;
			};
			name = Debug;
		};
		661851691B8AE83100C24A20 /* Release */ = {
			isa = XCBuildConfiguration;
			buildSettings = {
				ALWAYS_SEARCH_USER_PATHS = NO;
				CLANG_CXX_LANGUAGE_STANDARD = "gnu++0x";
				CLANG_CXX_LIBRARY = "libc++";
				CLANG_ENABLE_MODULES = YES;
				CLANG_ENABLE_OBJC_ARC = YES;
				CLANG_WARN_BOOL_CONVERSION = YES;
				CLANG_WARN_CONSTANT_CONVERSION = YES;
				CLANG_WARN_DIRECT_OBJC_ISA_USAGE = YES_ERROR;
				CLANG_WARN_EMPTY_BODY = YES;
				CLANG_WARN_ENUM_CONVERSION = YES;
				CLANG_WARN_INT_CONVERSION = YES;
				CLANG_WARN_OBJC_ROOT_CLASS = YES_ERROR;
				CLANG_WARN_UNREACHABLE_CODE = YES;
				CLANG_WARN__DUPLICATE_METHOD_MATCH = YES;
				"CODE_SIGN_IDENTITY[sdk=iphoneos*]" = "iPhone Developer";
				COPY_PHASE_STRIP = YES;
				ENABLE_NS_ASSERTIONS = NO;
				ENABLE_STRICT_OBJC_MSGSEND = YES;
				GCC_C_LANGUAGE_STANDARD = gnu99;
				GCC_WARN_64_TO_32_BIT_CONVERSION = YES;
				GCC_WARN_ABOUT_RETURN_TYPE = YES_ERROR;
				GCC_WARN_UNDECLARED_SELECTOR = YES;
				GCC_WARN_UNINITIALIZED_AUTOS = YES_AGGRESSIVE;
				GCC_WARN_UNUSED_FUNCTION = YES;
				GCC_WARN_UNUSED_VARIABLE = YES;
				IPHONEOS_DEPLOYMENT_TARGET = 8.1;
				MTL_ENABLE_DEBUG_INFO = NO;
				SDKROOT = iphoneos;
				VALIDATE_PRODUCT = YES;
			};
			name = Release;
		};
		6618516B1B8AE83100C24A20 /* Debug */ = {
			isa = XCBuildConfiguration;
			buildSettings = {
				ASSETCATALOG_COMPILER_APPICON_NAME = AppIcon;
				INFOPLIST_FILE = SimpleTableView/Info.plist;
				LD_RUNPATH_SEARCH_PATHS = "$(inherited) @executable_path/Frameworks";
				PRODUCT_NAME = "$(TARGET_NAME)";
			};
			name = Debug;
		};
		6618516C1B8AE83100C24A20 /* Release */ = {
			isa = XCBuildConfiguration;
			buildSettings = {
				ASSETCATALOG_COMPILER_APPICON_NAME = AppIcon;
				INFOPLIST_FILE = SimpleTableView/Info.plist;
				LD_RUNPATH_SEARCH_PATHS = "$(inherited) @executable_path/Frameworks";
				PRODUCT_NAME = "$(TARGET_NAME)";
			};
			name = Release;
		};
		6618516E1B8AE83100C24A20 /* Debug */ = {
			isa = XCBuildConfiguration;
			buildSettings = {
				BUNDLE_LOADER = "$(TEST_HOST)";
				FRAMEWORK_SEARCH_PATHS = (
					"$(SDKROOT)/Developer/Library/Frameworks",
					"$(inherited)",
				);
				GCC_PREPROCESSOR_DEFINITIONS = (
					"DEBUG=1",
					"$(inherited)",
				);
				INFOPLIST_FILE = SimpleTableViewTests/Info.plist;
				LD_RUNPATH_SEARCH_PATHS = "$(inherited) @executable_path/Frameworks @loader_path/Frameworks";
				PRODUCT_NAME = "$(TARGET_NAME)";
				TEST_HOST = "$(BUILT_PRODUCTS_DIR)/SimpleTableView.app/SimpleTableView";
			};
			name = Debug;
		};
		6618516F1B8AE83100C24A20 /* Release */ = {
			isa = XCBuildConfiguration;
			buildSettings = {
				BUNDLE_LOADER = "$(TEST_HOST)";
				FRAMEWORK_SEARCH_PATHS = (
					"$(SDKROOT)/Developer/Library/Frameworks",
					"$(inherited)",
				);
				INFOPLIST_FILE = SimpleTableViewTests/Info.plist;
				LD_RUNPATH_SEARCH_PATHS = "$(inherited) @executable_path/Frameworks @loader_path/Frameworks";
				PRODUCT_NAME = "$(TARGET_NAME)";
				TEST_HOST = "$(BUILT_PRODUCTS_DIR)/SimpleTableView.app/SimpleTableView";
			};
			name = Release;
		};
/* End XCBuildConfiguration section */

/* Begin XCConfigurationList section */
		661851421B8AE83000C24A20 /* Build configuration list for PBXProject "SimpleTableView" */ = {
			isa = XCConfigurationList;
			buildConfigurations = (
				661851681B8AE83100C24A20 /* Debug */,
				661851691B8AE83100C24A20 /* Release */,
			);
			defaultConfigurationIsVisible = 0;
			defaultConfigurationName = Release;
		};
		6618516A1B8AE83100C24A20 /* Build configuration list for PBXNativeTarget "SimpleTableView" */ = {
			isa = XCConfigurationList;
			buildConfigurations = (
				6618516B1B8AE83100C24A20 /* Debug */,
				6618516C1B8AE83100C24A20 /* Release */,
			);
			defaultConfigurationIsVisible = 0;
		};
		6618516D1B8AE83100C24A20 /* Build configuration list for PBXNativeTarget "SimpleTableViewTests" */ = {
			isa = XCConfigurationList;
			buildConfigurations = (
				6618516E1B8AE83100C24A20 /* Debug */,
				6618516F1B8AE83100C24A20 /* Release */,
			);
			defaultConfigurationIsVisible = 0;
		};
/* End XCConfigurationList section */
	};
	rootObject = 6618513F1B8AE83000C24A20 /* Project object */;
}
