// !$*UTF8*$!
{
	archiveVersion = 1;
	classes = {
	};
	objectVersion = 46;
	objects = {

/* Begin PBXBuildFile section */
		6CAFCA4D1B864D7F002520A9 /* main.m in Sources */ = {isa = PBXBuildFile; fileRef = 6CAFCA4C1B864D7F002520A9 /* main.m */; };
		6CAFCA501B864D7F002520A9 /* AppDelegate.m in Sources */ = {isa = PBXBuildFile; fileRef = 6CAFCA4F1B864D7F002520A9 /* AppDelegate.m */; };
		6CAFCA531B864D7F002520A9 /* ViewController.m in Sources */ = {isa = PBXBuildFile; fileRef = 6CAFCA521B864D7F002520A9 /* ViewController.m */; };
		6CAFCA561B864D7F002520A9 /* Main.storyboard in Resources */ = {isa = PBXBuildFile; fileRef = 6CAFCA541B864D7F002520A9 /* Main.storyboard */; };
		6CAFCA581B864D7F002520A9 /* Images.xcassets in Resources */ = {isa = PBXBuildFile; fileRef = 6CAFCA571B864D7F002520A9 /* Images.xcassets */; };
		6CAFCA5B1B864D7F002520A9 /* LaunchScreen.xib in Resources */ = {isa = PBXBuildFile; fileRef = 6CAFCA591B864D7F002520A9 /* LaunchScreen.xib */; };
		6CAFCA671B864D7F002520A9 /* Problem_Set_4Tests.m in Sources */ = {isa = PBXBuildFile; fileRef = 6CAFCA661B864D7F002520A9 /* Problem_Set_4Tests.m */; };
		C7F884061B8990A500037D80 /* Planet.m in Sources */ = {isa = PBXBuildFile; fileRef = C7F884051B8990A500037D80 /* Planet.m */; };
/* End PBXBuildFile section */

/* Begin PBXContainerItemProxy section */
		6CAFCA611B864D7F002520A9 /* PBXContainerItemProxy */ = {
			isa = PBXContainerItemProxy;
			containerPortal = 6CAFCA3F1B864D7F002520A9 /* Project object */;
			proxyType = 1;
			remoteGlobalIDString = 6CAFCA461B864D7F002520A9;
			remoteInfo = "Problem-Set_4";
		};
/* End PBXContainerItemProxy section */

/* Begin PBXFileReference section */
		6CAFCA471B864D7F002520A9 /* Problem-Set_4.app */ = {isa = PBXFileReference; explicitFileType = wrapper.application; includeInIndex = 0; path = "Problem-Set_4.app"; sourceTree = BUILT_PRODUCTS_DIR; };
		6CAFCA4B1B864D7F002520A9 /* Info.plist */ = {isa = PBXFileReference; lastKnownFileType = text.plist.xml; path = Info.plist; sourceTree = "<group>"; };
		6CAFCA4C1B864D7F002520A9 /* main.m */ = {isa = PBXFileReference; lastKnownFileType = sourcecode.c.objc; path = main.m; sourceTree = "<group>"; };
		6CAFCA4E1B864D7F002520A9 /* AppDelegate.h */ = {isa = PBXFileReference; lastKnownFileType = sourcecode.c.h; path = AppDelegate.h; sourceTree = "<group>"; };
		6CAFCA4F1B864D7F002520A9 /* AppDelegate.m */ = {isa = PBXFileReference; lastKnownFileType = sourcecode.c.objc; path = AppDelegate.m; sourceTree = "<group>"; };
		6CAFCA511B864D7F002520A9 /* ViewController.h */ = {isa = PBXFileReference; lastKnownFileType = sourcecode.c.h; path = ViewController.h; sourceTree = "<group>"; };
		6CAFCA521B864D7F002520A9 /* ViewController.m */ = {isa = PBXFileReference; lastKnownFileType = sourcecode.c.objc; path = ViewController.m; sourceTree = "<group>"; };
		6CAFCA551B864D7F002520A9 /* Base */ = {isa = PBXFileReference; lastKnownFileType = file.storyboard; name = Base; path = Base.lproj/Main.storyboard; sourceTree = "<group>"; };
		6CAFCA571B864D7F002520A9 /* Images.xcassets */ = {isa = PBXFileReference; lastKnownFileType = folder.assetcatalog; path = Images.xcassets; sourceTree = "<group>"; };
		6CAFCA5A1B864D7F002520A9 /* Base */ = {isa = PBXFileReference; lastKnownFileType = file.xib; name = Base; path = Base.lproj/LaunchScreen.xib; sourceTree = "<group>"; };
		6CAFCA601B864D7F002520A9 /* Problem-Set_4Tests.xctest */ = {isa = PBXFileReference; explicitFileType = wrapper.cfbundle; includeInIndex = 0; path = "Problem-Set_4Tests.xctest"; sourceTree = BUILT_PRODUCTS_DIR; };
		6CAFCA651B864D7F002520A9 /* Info.plist */ = {isa = PBXFileReference; lastKnownFileType = text.plist.xml; path = Info.plist; sourceTree = "<group>"; };
		6CAFCA661B864D7F002520A9 /* Problem_Set_4Tests.m */ = {isa = PBXFileReference; lastKnownFileType = sourcecode.c.objc; path = Problem_Set_4Tests.m; sourceTree = "<group>"; };
		C7F884041B8990A500037D80 /* Planet.h */ = {isa = PBXFileReference; fileEncoding = 4; lastKnownFileType = sourcecode.c.h; path = Planet.h; sourceTree = "<group>"; };
		C7F884051B8990A500037D80 /* Planet.m */ = {isa = PBXFileReference; fileEncoding = 4; lastKnownFileType = sourcecode.c.objc; path = Planet.m; sourceTree = "<group>"; };
/* End PBXFileReference section */

/* Begin PBXFrameworksBuildPhase section */
		6CAFCA441B864D7F002520A9 /* Frameworks */ = {
			isa = PBXFrameworksBuildPhase;
			buildActionMask = 2147483647;
			files = (
			);
			runOnlyForDeploymentPostprocessing = 0;
		};
		6CAFCA5D1B864D7F002520A9 /* Frameworks */ = {
			isa = PBXFrameworksBuildPhase;
			buildActionMask = 2147483647;
			files = (
			);
			runOnlyForDeploymentPostprocessing = 0;
		};
/* End PBXFrameworksBuildPhase section */

/* Begin PBXGroup section */
		6CAFCA3E1B864D7F002520A9 = {
			isa = PBXGroup;
			children = (
				6CAFCA491B864D7F002520A9 /* Problem-Set_4 */,
				6CAFCA631B864D7F002520A9 /* Problem-Set_4Tests */,
				6CAFCA481B864D7F002520A9 /* Products */,
			);
			sourceTree = "<group>";
		};
		6CAFCA481B864D7F002520A9 /* Products */ = {
			isa = PBXGroup;
			children = (
				6CAFCA471B864D7F002520A9 /* Problem-Set_4.app */,
				6CAFCA601B864D7F002520A9 /* Problem-Set_4Tests.xctest */,
			);
			name = Products;
			sourceTree = "<group>";
		};
		6CAFCA491B864D7F002520A9 /* Problem-Set_4 */ = {
			isa = PBXGroup;
			children = (
				6CAFCA4E1B864D7F002520A9 /* AppDelegate.h */,
				6CAFCA4F1B864D7F002520A9 /* AppDelegate.m */,
				6CAFCA511B864D7F002520A9 /* ViewController.h */,
				6CAFCA521B864D7F002520A9 /* ViewController.m */,
				6CAFCA541B864D7F002520A9 /* Main.storyboard */,
				6CAFCA571B864D7F002520A9 /* Images.xcassets */,
				6CAFCA591B864D7F002520A9 /* LaunchScreen.xib */,
				6CAFCA4A1B864D7F002520A9 /* Supporting Files */,
			);
			path = "Problem-Set_4";
			sourceTree = "<group>";
		};
		6CAFCA4A1B864D7F002520A9 /* Supporting Files */ = {
			isa = PBXGroup;
			children = (
				6CAFCA4B1B864D7F002520A9 /* Info.plist */,
				6CAFCA4C1B864D7F002520A9 /* main.m */,
				C7F884041B8990A500037D80 /* Planet.h */,
				C7F884051B8990A500037D80 /* Planet.m */,
			);
			name = "Supporting Files";
			sourceTree = "<group>";
		};
		6CAFCA631B864D7F002520A9 /* Problem-Set_4Tests */ = {
			isa = PBXGroup;
			children = (
				6CAFCA661B864D7F002520A9 /* Problem_Set_4Tests.m */,
				6CAFCA641B864D7F002520A9 /* Supporting Files */,
			);
			path = "Problem-Set_4Tests";
			sourceTree = "<group>";
		};
		6CAFCA641B864D7F002520A9 /* Supporting Files */ = {
			isa = PBXGroup;
			children = (
				6CAFCA651B864D7F002520A9 /* Info.plist */,
			);
			name = "Supporting Files";
			sourceTree = "<group>";
		};
/* End PBXGroup section */

/* Begin PBXNativeTarget section */
		6CAFCA461B864D7F002520A9 /* Problem-Set_4 */ = {
			isa = PBXNativeTarget;
			buildConfigurationList = 6CAFCA6A1B864D7F002520A9 /* Build configuration list for PBXNativeTarget "Problem-Set_4" */;
			buildPhases = (
				6CAFCA431B864D7F002520A9 /* Sources */,
				6CAFCA441B864D7F002520A9 /* Frameworks */,
				6CAFCA451B864D7F002520A9 /* Resources */,
			);
			buildRules = (
			);
			dependencies = (
			);
			name = "Problem-Set_4";
			productName = "Problem-Set_4";
			productReference = 6CAFCA471B864D7F002520A9 /* Problem-Set_4.app */;
			productType = "com.apple.product-type.application";
		};
		6CAFCA5F1B864D7F002520A9 /* Problem-Set_4Tests */ = {
			isa = PBXNativeTarget;
			buildConfigurationList = 6CAFCA6D1B864D7F002520A9 /* Build configuration list for PBXNativeTarget "Problem-Set_4Tests" */;
			buildPhases = (
				6CAFCA5C1B864D7F002520A9 /* Sources */,
				6CAFCA5D1B864D7F002520A9 /* Frameworks */,
				6CAFCA5E1B864D7F002520A9 /* Resources */,
			);
			buildRules = (
			);
			dependencies = (
				6CAFCA621B864D7F002520A9 /* PBXTargetDependency */,
			);
			name = "Problem-Set_4Tests";
			productName = "Problem-Set_4Tests";
			productReference = 6CAFCA601B864D7F002520A9 /* Problem-Set_4Tests.xctest */;
			productType = "com.apple.product-type.bundle.unit-test";
		};
/* End PBXNativeTarget section */

/* Begin PBXProject section */
		6CAFCA3F1B864D7F002520A9 /* Project object */ = {
			isa = PBXProject;
			attributes = {
				LastUpgradeCheck = 0640;
				ORGANIZATIONNAME = "O'Garro, Felicia";
				TargetAttributes = {
					6CAFCA461B864D7F002520A9 = {
						CreatedOnToolsVersion = 6.4;
					};
					6CAFCA5F1B864D7F002520A9 = {
						CreatedOnToolsVersion = 6.4;
						TestTargetID = 6CAFCA461B864D7F002520A9;
					};
				};
			};
			buildConfigurationList = 6CAFCA421B864D7F002520A9 /* Build configuration list for PBXProject "Problem-Set_4" */;
			compatibilityVersion = "Xcode 3.2";
			developmentRegion = English;
			hasScannedForEncodings = 0;
			knownRegions = (
				en,
				Base,
			);
			mainGroup = 6CAFCA3E1B864D7F002520A9;
			productRefGroup = 6CAFCA481B864D7F002520A9 /* Products */;
			projectDirPath = "";
			projectRoot = "";
			targets = (
				6CAFCA461B864D7F002520A9 /* Problem-Set_4 */,
				6CAFCA5F1B864D7F002520A9 /* Problem-Set_4Tests */,
			);
		};
/* End PBXProject section */

/* Begin PBXResourcesBuildPhase section */
		6CAFCA451B864D7F002520A9 /* Resources */ = {
			isa = PBXResourcesBuildPhase;
			buildActionMask = 2147483647;
			files = (
				6CAFCA561B864D7F002520A9 /* Main.storyboard in Resources */,
				6CAFCA5B1B864D7F002520A9 /* LaunchScreen.xib in Resources */,
				6CAFCA581B864D7F002520A9 /* Images.xcassets in Resources */,
			);
			runOnlyForDeploymentPostprocessing = 0;
		};
		6CAFCA5E1B864D7F002520A9 /* Resources */ = {
			isa = PBXResourcesBuildPhase;
			buildActionMask = 2147483647;
			files = (
			);
			runOnlyForDeploymentPostprocessing = 0;
		};
/* End PBXResourcesBuildPhase section */

/* Begin PBXSourcesBuildPhase section */
		6CAFCA431B864D7F002520A9 /* Sources */ = {
			isa = PBXSourcesBuildPhase;
			buildActionMask = 2147483647;
			files = (
				6CAFCA531B864D7F002520A9 /* ViewController.m in Sources */,
				6CAFCA501B864D7F002520A9 /* AppDelegate.m in Sources */,
				6CAFCA4D1B864D7F002520A9 /* main.m in Sources */,
				C7F884061B8990A500037D80 /* Planet.m in Sources */,
			);
			runOnlyForDeploymentPostprocessing = 0;
		};
		6CAFCA5C1B864D7F002520A9 /* Sources */ = {
			isa = PBXSourcesBuildPhase;
			buildActionMask = 2147483647;
			files = (
				6CAFCA671B864D7F002520A9 /* Problem_Set_4Tests.m in Sources */,
			);
			runOnlyForDeploymentPostprocessing = 0;
		};
/* End PBXSourcesBuildPhase section */

/* Begin PBXTargetDependency section */
		6CAFCA621B864D7F002520A9 /* PBXTargetDependency */ = {
			isa = PBXTargetDependency;
			target = 6CAFCA461B864D7F002520A9 /* Problem-Set_4 */;
			targetProxy = 6CAFCA611B864D7F002520A9 /* PBXContainerItemProxy */;
		};
/* End PBXTargetDependency section */

/* Begin PBXVariantGroup section */
		6CAFCA541B864D7F002520A9 /* Main.storyboard */ = {
			isa = PBXVariantGroup;
			children = (
				6CAFCA551B864D7F002520A9 /* Base */,
			);
			name = Main.storyboard;
			sourceTree = "<group>";
		};
		6CAFCA591B864D7F002520A9 /* LaunchScreen.xib */ = {
			isa = PBXVariantGroup;
			children = (
				6CAFCA5A1B864D7F002520A9 /* Base */,
			);
			name = LaunchScreen.xib;
			sourceTree = "<group>";
		};
/* End PBXVariantGroup section */

/* Begin XCBuildConfiguration section */
		6CAFCA681B864D7F002520A9 /* Debug */ = {
			isa = XCBuildConfiguration;
			buildSettings = {
				ALWAYS_SEARCH_USER_PATHS = NO;
				CLANG_CXX_LANGUAGE_STANDARD = "gnu++0x";
				CLANG_CXX_LIBRARY = "libc++";
				CLANG_ENABLE_MODULES = YES;
				CLANG_ENABLE_OBJC_ARC = YES;
				CLANG_WARN_BOOL_CONVERSION = YES;
				CLANG_WARN_CONSTANT_CONVERSION = YES;
				CLANG_WARN_DIRECT_OBJC_ISA_USAGE = YES_ERROR;
				CLANG_WARN_EMPTY_BODY = YES;
				CLANG_WARN_ENUM_CONVERSION = YES;
				CLANG_WARN_INT_CONVERSION = YES;
				CLANG_WARN_OBJC_ROOT_CLASS = YES_ERROR;
				CLANG_WARN_UNREACHABLE_CODE = YES;
				CLANG_WARN__DUPLICATE_METHOD_MATCH = YES;
				"CODE_SIGN_IDENTITY[sdk=iphoneos*]" = "iPhone Developer";
				COPY_PHASE_STRIP = NO;
				DEBUG_INFORMATION_FORMAT = "dwarf-with-dsym";
				ENABLE_STRICT_OBJC_MSGSEND = YES;
				GCC_C_LANGUAGE_STANDARD = gnu99;
				GCC_DYNAMIC_NO_PIC = NO;
				GCC_NO_COMMON_BLOCKS = YES;
				GCC_OPTIMIZATION_LEVEL = 0;
				GCC_PREPROCESSOR_DEFINITIONS = (
					"DEBUG=1",
					"$(inherited)",
				);
				GCC_SYMBOLS_PRIVATE_EXTERN = NO;
				GCC_WARN_64_TO_32_BIT_CONVERSION = YES;
				GCC_WARN_ABOUT_RETURN_TYPE = YES_ERROR;
				GCC_WARN_UNDECLARED_SELECTOR = YES;
				GCC_WARN_UNINITIALIZED_AUTOS = YES_AGGRESSIVE;
				GCC_WARN_UNUSED_FUNCTION = YES;
				GCC_WARN_UNUSED_VARIABLE = YES;
				IPHONEOS_DEPLOYMENT_TARGET = 8.4;
				MTL_ENABLE_DEBUG_INFO = YES;
				ONLY_ACTIVE_ARCH = YES;
				SDKROOT = iphoneos;
				TARGETED_DEVICE_FAMILY = "1,2";
			};
			name = Debug;
		};
		6CAFCA691B864D7F002520A9 /* Release */ = {
			isa = XCBuildConfiguration;
			buildSettings = {
				ALWAYS_SEARCH_USER_PATHS = NO;
				CLANG_CXX_LANGUAGE_STANDARD = "gnu++0x";
				CLANG_CXX_LIBRARY = "libc++";
				CLANG_ENABLE_MODULES = YES;
				CLANG_ENABLE_OBJC_ARC = YES;
				CLANG_WARN_BOOL_CONVERSION = YES;
				CLANG_WARN_CONSTANT_CONVERSION = YES;
				CLANG_WARN_DIRECT_OBJC_ISA_USAGE = YES_ERROR;
				CLANG_WARN_EMPTY_BODY = YES;
				CLANG_WARN_ENUM_CONVERSION = YES;
				CLANG_WARN_INT_CONVERSION = YES;
				CLANG_WARN_OBJC_ROOT_CLASS = YES_ERROR;
				CLANG_WARN_UNREACHABLE_CODE = YES;
				CLANG_WARN__DUPLICATE_METHOD_MATCH = YES;
				"CODE_SIGN_IDENTITY[sdk=iphoneos*]" = "iPhone Developer";
				COPY_PHASE_STRIP = NO;
				DEBUG_INFORMATION_FORMAT = "dwarf-with-dsym";
				ENABLE_NS_ASSERTIONS = NO;
				ENABLE_STRICT_OBJC_MSGSEND = YES;
				GCC_C_LANGUAGE_STANDARD = gnu99;
				GCC_NO_COMMON_BLOCKS = YES;
				GCC_WARN_64_TO_32_BIT_CONVERSION = YES;
				GCC_WARN_ABOUT_RETURN_TYPE = YES_ERROR;
				GCC_WARN_UNDECLARED_SELECTOR = YES;
				GCC_WARN_UNINITIALIZED_AUTOS = YES_AGGRESSIVE;
				GCC_WARN_UNUSED_FUNCTION = YES;
				GCC_WARN_UNUSED_VARIABLE = YES;
				IPHONEOS_DEPLOYMENT_TARGET = 8.4;
				MTL_ENABLE_DEBUG_INFO = NO;
				SDKROOT = iphoneos;
				TARGETED_DEVICE_FAMILY = "1,2";
				VALIDATE_PRODUCT = YES;
			};
			name = Release;
		};
		6CAFCA6B1B864D7F002520A9 /* Debug */ = {
			isa = XCBuildConfiguration;
			buildSettings = {
				ASSETCATALOG_COMPILER_APPICON_NAME = AppIcon;
				INFOPLIST_FILE = "Problem-Set_4/Info.plist";
				IPHONEOS_DEPLOYMENT_TARGET = 8.3;
				LD_RUNPATH_SEARCH_PATHS = "$(inherited) @executable_path/Frameworks";
				PRODUCT_NAME = "$(TARGET_NAME)";
			};
			name = Debug;
		};
		6CAFCA6C1B864D7F002520A9 /* Release */ = {
			isa = XCBuildConfiguration;
			buildSettings = {
				ASSETCATALOG_COMPILER_APPICON_NAME = AppIcon;
				INFOPLIST_FILE = "Problem-Set_4/Info.plist";
				IPHONEOS_DEPLOYMENT_TARGET = 8.3;
				LD_RUNPATH_SEARCH_PATHS = "$(inherited) @executable_path/Frameworks";
				PRODUCT_NAME = "$(TARGET_NAME)";
			};
			name = Release;
		};
		6CAFCA6E1B864D7F002520A9 /* Debug */ = {
			isa = XCBuildConfiguration;
			buildSettings = {
				BUNDLE_LOADER = "$(TEST_HOST)";
				FRAMEWORK_SEARCH_PATHS = (
					"$(SDKROOT)/Developer/Library/Frameworks",
					"$(inherited)",
				);
				GCC_PREPROCESSOR_DEFINITIONS = (
					"DEBUG=1",
					"$(inherited)",
				);
				INFOPLIST_FILE = "Problem-Set_4Tests/Info.plist";
				IPHONEOS_DEPLOYMENT_TARGET = 8.3;
				LD_RUNPATH_SEARCH_PATHS = "$(inherited) @executable_path/Frameworks @loader_path/Frameworks";
				PRODUCT_NAME = "$(TARGET_NAME)";
				TEST_HOST = "$(BUILT_PRODUCTS_DIR)/Problem-Set_4.app/Problem-Set_4";
			};
			name = Debug;
		};
		6CAFCA6F1B864D7F002520A9 /* Release */ = {
			isa = XCBuildConfiguration;
			buildSettings = {
				BUNDLE_LOADER = "$(TEST_HOST)";
				FRAMEWORK_SEARCH_PATHS = (
					"$(SDKROOT)/Developer/Library/Frameworks",
					"$(inherited)",
				);
				INFOPLIST_FILE = "Problem-Set_4Tests/Info.plist";
				IPHONEOS_DEPLOYMENT_TARGET = 8.3;
				LD_RUNPATH_SEARCH_PATHS = "$(inherited) @executable_path/Frameworks @loader_path/Frameworks";
				PRODUCT_NAME = "$(TARGET_NAME)";
				TEST_HOST = "$(BUILT_PRODUCTS_DIR)/Problem-Set_4.app/Problem-Set_4";
			};
			name = Release;
		};
/* End XCBuildConfiguration section */

/* Begin XCConfigurationList section */
		6CAFCA421B864D7F002520A9 /* Build configuration list for PBXProject "Problem-Set_4" */ = {
			isa = XCConfigurationList;
			buildConfigurations = (
				6CAFCA681B864D7F002520A9 /* Debug */,
				6CAFCA691B864D7F002520A9 /* Release */,
			);
			defaultConfigurationIsVisible = 0;
			defaultConfigurationName = Release;
		};
		6CAFCA6A1B864D7F002520A9 /* Build configuration list for PBXNativeTarget "Problem-Set_4" */ = {
			isa = XCConfigurationList;
			buildConfigurations = (
				6CAFCA6B1B864D7F002520A9 /* Debug */,
				6CAFCA6C1B864D7F002520A9 /* Release */,
			);
			defaultConfigurationIsVisible = 0;
			defaultConfigurationName = Release;
		};
		6CAFCA6D1B864D7F002520A9 /* Build configuration list for PBXNativeTarget "Problem-Set_4Tests" */ = {
			isa = XCConfigurationList;
			buildConfigurations = (
				6CAFCA6E1B864D7F002520A9 /* Debug */,
				6CAFCA6F1B864D7F002520A9 /* Release */,
			);
			defaultConfigurationIsVisible = 0;
			defaultConfigurationName = Release;
		};
/* End XCConfigurationList section */
	};
	rootObject = 6CAFCA3F1B864D7F002520A9 /* Project object */;
}
